
Microsoft Visual Studio Solution File, Format Version 12.00
# Visual Studio 14
VisualStudioVersion = 14.0.25420.1
MinimumVisualStudioVersion = 10.0.40219.1
Project("{FAE04EC0-301F-11D3-BF4B-00C04F79EFBC}") = "WebApplication", "WebApplication\WebApplication.csproj", "{533CF4C2-8916-407F-922B-37FA9C5921D0}"
EndProject
Project("{FAE04EC0-301F-11D3-BF4B-00C04F79EFBC}") = "WebApplication.Tests", "WebApplication.Tests\WebApplication.Tests.csproj", "{278B88C5-5490-46E8-88C2-7DC6251DCECE}"
EndProject
Project("{FAE04EC0-301F-11D3-BF4B-00C04F79EFBC}") = "WebApi", "WebApi\WebApi.csproj", "{C7FAC91E-B288-4B56-8B13-2D58DC46B118}"
EndProject
Project("{FAE04EC0-301F-11D3-BF4B-00C04F79EFBC}") = "WebApi.Tests", "WebApi.Tests\WebApi.Tests.csproj", "{175F2C11-1C81-4F89-9859-A6DB01EC5116}"
EndProject
Project("{2150E333-8FDC-42A3-9474-1A3956D46DE8}") = "Scripts", "Scripts", "{43FD1927-166F-49FC-AADC-0E802FA347BF}"
	ProjectSection(SolutionItems) = preProject
		Scripts\Database.sql = Scripts\Database.sql
	EndProjectSection
EndProject
Global
	GlobalSection(SolutionConfigurationPlatforms) = preSolution
		Debug|Any CPU = Debug|Any CPU
		Release|Any CPU = Release|Any CPU
	EndGlobalSection
	GlobalSection(ProjectConfigurationPlatforms) = postSolution
		{533CF4C2-8916-407F-922B-37FA9C5921D0}.Debug|Any CPU.ActiveCfg = Debug|Any CPU
		{533CF4C2-8916-407F-922B-37FA9C5921D0}.Debug|Any CPU.Build.0 = Debug|Any CPU
		{533CF4C2-8916-407F-922B-37FA9C5921D0}.Release|Any CPU.ActiveCfg = Release|Any CPU
		{533CF4C2-8916-407F-922B-37FA9C5921D0}.Release|Any CPU.Build.0 = Release|Any CPU
		{278B88C5-5490-46E8-88C2-7DC6251DCECE}.Debug|Any CPU.ActiveCfg = Debug|Any CPU
		{278B88C5-5490-46E8-88C2-7DC6251DCECE}.Debug|Any CPU.Build.0 = Debug|Any CPU
		{278B88C5-5490-46E8-88C2-7DC6251DCECE}.Release|Any CPU.ActiveCfg = Release|Any CPU
		{278B88C5-5490-46E8-88C2-7DC6251DCECE}.Release|Any CPU.Build.0 = Release|Any CPU
		{C7FAC91E-B288-4B56-8B13-2D58DC46B118}.Debug|Any CPU.ActiveCfg = Debug|Any CPU
		{C7FAC91E-B288-4B56-8B13-2D58DC46B118}.Debug|Any CPU.Build.0 = Debug|Any CPU
		{C7FAC91E-B288-4B56-8B13-2D58DC46B118}.Release|Any CPU.ActiveCfg = Release|Any CPU
		{C7FAC91E-B288-4B56-8B13-2D58DC46B118}.Release|Any CPU.Build.0 = Release|Any CPU
		{175F2C11-1C81-4F89-9859-A6DB01EC5116}.Debug|Any CPU.ActiveCfg = Debug|Any CPU
		{175F2C11-1C81-4F89-9859-A6DB01EC5116}.Debug|Any CPU.Build.0 = Debug|Any CPU
		{175F2C11-1C81-4F89-9859-A6DB01EC5116}.Release|Any CPU.ActiveCfg = Release|Any CPU
		{175F2C11-1C81-4F89-9859-A6DB01EC5116}.Release|Any CPU.Build.0 = Release|Any CPU
	EndGlobalSection
	GlobalSection(SolutionProperties) = preSolution
		HideSolutionNode = FALSE
	EndGlobalSection
EndGlobal
